github.com/Unknwon/com v0.0.0-20170213072014-0db4a625e949 h1:/Ex2JgvIGodN4zioOyd3w4NyicUO36egyncpI05kmu8=
github.com/Unknwon/com v0.0.0-20170213072014-0db4a625e949/go.mod h1:KYCjqMOeHpNuTOiFQU6WEcTG7poCJrUs0YgyHNtn1no=
github.com/davecgh/go-spew v0.0.0-20151105211317-5215b55f46b2/go.mod h1:J7Y8YcW2NihsgmVo/mv3lAwl/skON4iLHjSsI+c5H38=
github.com/dgrijalva/jwt-go v0.0.0-20150904212456-c1da56349675 h1:MIkcjohFTgoQVDHtspV6VlbdH47ArW++NRDaAHKillo=
github.com/dgrijalva/jwt-go v0.0.0-20150904212456-c1da56349675/go.mod h1:E3ru+11k8xSBh+hMPgOLZmtrrCbhqsmaPHjLKYnJCaQ=
github.com/elazarl/go-bindata-assetfs v1.0.0 h1:G/bYguwHIzWq9ZoyUQqrjTmJbbYn3j3CKKpKinvZLFk=
github.com/elazarl/go-bindata-assetfs v1.0.0/go.mod h1:v+YaWX3bdea5J/mo8dSETolEo7R71Vk1u8bnjau5yw4=
github.com/fsnotify/fsnotify v1.3.0 h1:XyNoRE4PlEAzjaHYBqJuJC18jNWyfDVJ2jwD5kCuwXs=
github.com/fsnotify/fsnotify v1.3.0/go.mod h1:jwhsz4b93w/PPRr/qN1Yymfu8t87LnFCMoQvtojpjFo=
github.com/go-macaron/bindata v0.0.0-20161222093048-85786f57eee3 h1:n0H90987ZwasTc9r/RnuaU1G5ePfzLG6Bkc1cY3KqnY=
github.com/go-macaron/bindata v0.0.0-20161222093048-85786f57eee3/go.mod h1:NkmXhFuAlCOqgV5EWhU1DKLrgztCEIVXGmr2DZv/+sk=
github.com/go-macaron/binding v0.0.0-20160325194650-677c5a4c2f05 h1:N3s9fumWJw2Ma6wGlWMBS5NZPl6wqvZD3ONo8WdaOVk=
github.com/go-macaron/binding v0.0.0-20160325194650-677c5a4c2f05/go.mod h1:u+H6rwW+HQwUL+w5uaEJSpIlVZDye1o9MB4Su0JfRfM=
github.com/go-macaron/inject v0.0.0-20160627170012-d8a0b8677191 h1:NjHlg70DuOkcAMqgt0+XA+NHwtu66MkTVVgR4fFWbcI=
github.com/go-macaron/inject v0.0.0-20160627170012-d8a0b8677191/go.mod h1:VFI2o2q9kYsC4o7VP1HrEVosiZZTd+MVT3YZx4gqvJw=
github.com/google/go-querystring v0.0.0-20150414214848-547ef5ac9797 h1:XScp/7K55BJWgFeKalWP/2XvaRdhhhNJBOSQuFMS8mE=
github.com/google/go-querystring v0.0.0-20150414214848-547ef5ac9797/go.mod h1:odCYkC5MyYFN7vkCjXpyrEuKhc/BUO6wN/zVPAxq5ck=
github.com/gorilla/websocket v0.0.0-20170302224613-b258b4fadb57 h1:Vy5stadvK65eLSjDK6zmmeOx8eQiYCN+cWtMbZxy1Wg=
github.com/gorilla/websocket v0.0.0-20170302224613-b258b4fadb57/go.mod h1:E7qHFY5m1UJ88s3WnNqhKjPHQ0heANvMoAMk2YaljkQ=
github.com/hashicorp/hcl v0.0.0-20160426221300-9a905a34e628 h1:79lPy9LYAtihGQvcubOdkAol0FbhRAJ2BjXbiy8jDvM=
github.com/hashicorp/hcl v0.0.0-20160426221300-9a905a34e628/go.mod h1:oZtUIOe8dh44I2q6ScRibXws4Ajl+d+nod3AaR9vL5w=
github.com/inconshreveable/mousetrap v1.0.0/go.mod h1:PxqpIevigyE2G7u3NXJIT2ANytuPF1OarO4DADm73n8=
github.com/kanlab/kanlab v0.0.0-20190918130001-bfb30d31ae59 h1:hRX10s007tfPHQQeWCL+3t6W9zsQLvEascuVBkPPpOs=
github.com/kanlab/kanlab v0.0.0-20190918130001-bfb30d31ae59/go.mod h1:br2ZRqbdKwfVayl5ZolV2aKaHUGL+iYN2IACYNhLQLs=
github.com/kanlab/kanlab/sockets v0.0.0-20151203105927-555ea7145f56 h1:n3rsfRVnzwAlxfS5r6ufN91zqBupGUx9Pp9KKTBK7YM=
github.com/kanlab/kanlab/sockets v0.0.0-20151203105927-555ea7145f56/go.mod h1:Sh9zm0j3H6IUKN3RKnMGh8zkTr28p5AN96kfYFkztuc=
github.com/magiconair/properties v1.7.0 h1:8Oygzd+nhiSWfp2XOwattyfEt36Q/F/99zQJy4axKdg=
github.com/magiconair/properties v1.7.0/go.mod h1:PppfXfuXeibc/6YijjN8zIbojt8czPbwD3XqdrwzmxQ=
github.com/mitchellh/mapstructure v0.0.0-20160212031839-d2dd02622084 h1:Z2EJ6SUYrzx6J/YH/ltZthkUQTB/5+Ykpkew6y9DGJE=
github.com/mitchellh/mapstructure v0.0.0-20160212031839-d2dd02622084/go.mod h1:FVVH3fgwuzCH5S8UJGiWEs2h04kUh9fWfEaFds41c1Y=
github.com/pelletier/go-buffruneio v0.2.0 h1:U4t4R6YkofJ5xHm3dJzuRpPZ0mr5MMCoAWooScCR7aA=
github.com/pelletier/go-buffruneio v0.2.0/go.mod h1:JkE26KsDizTr40EUHkXVtNPvgGtbSNq5BcowyYOWdKo=
github.com/pelletier/go-toml v0.5.0 h1:4JciwWR3v6XGcQibYe+58htiJN9TzM6P18uLetto3gw=
github.com/pelletier/go-toml v0.5.0/go.mod h1:5z9KED0ma1S8pY6P1sdut58dfprrGBbd/94hg7ilaic=
github.com/pmezard/go-difflib v1.0.0/go.mod h1:iKH77koFhYxTK1pcRnkKkqfTogsbg7gZNVY4sRDYZ/4=
github.com/spf13/afero v0.0.0-20170217164146-9be650865eab h1:IVAbBHQR8rXL2Fc8Zba/lMF7KOnTi70lqdx91UTuAwQ=
github.com/spf13/afero v0.0.0-20170217164146-9be650865eab/go.mod h1:j4pytiNVoe2o6bmDsKpLACNPDBIoEAkihy7loJ1B0CQ=
github.com/spf13/cast v1.0.0 h1:GNbxZJxRIvehsqPCmvpb/fnBMMyMoF7lojcquQccV4k=
github.com/spf13/cast v1.0.0/go.mod h1:r2rcYCSwa1IExKTDiTfzaxqT2FNHs8hODu4LnUfgKEg=
github.com/spf13/cobra v0.0.0-20170228191748-fcd0c5a1df88 h1:gtQhsEOuPoLkS8vHv0VGgyonGFFj7vqDH9plPHSdulg=
github.com/spf13/cobra v0.0.0-20170228191748-fcd0c5a1df88/go.mod h1:1l0Ry5zgKvJasoi3XT1TypsSe7PqH0Sj9dhYf7v3XqQ=
github.com/spf13/jwalterweatherman v0.0.0-20170109133355-fa7ca7e836cf h1:F3R4gmObzwZfjwH3hCs9WIyyTPjL5yC/cfdsW5hORhI=
github.com/spf13/jwalterweatherman v0.0.0-20170109133355-fa7ca7e836cf/go.mod h1:cQK4TGJAtQXfYWX+Ddv3mKDzgVb68N+wFjFa4jdeBTo=
github.com/spf13/pflag v0.0.0-20170130214245-9ff6c6923cff h1:VARhShG49tiji6mdRNp7JTNDtJ0FhuprF93GBQ37xGU=
github.com/spf13/pflag v0.0.0-20170130214245-9ff6c6923cff/go.mod h1:DYY7MBk1bdzusC3SYhjObp+wFpr4gzcvqqNjLnInEg4=
github.com/spf13/viper v0.0.0-20170217163817-7538d73b4eb9 h1:rtmHchHXFTzHW1ZAnHziYWaTRa37ZzjjcU7xI/t21hk=
github.com/spf13/viper v0.0.0-20170217163817-7538d73b4eb9/go.mod h1:A8kyI5cUJhb8N+3pkfONlcEcZbueH6nhAm0Fq7SrnBM=
github.com/stretchr/testify v0.0.0-20160524234229-8d64eb7173c7/go.mod h1:a8OnRcib4nhh0OaRAV+Yts87kKdq0PP7pXfy6kDkUVs=
golang.org/x/crypto v0.0.0-20170302193244-40541ccb1c6e h1:NapT3cc9O94dSeZp9kkJglkai4KKAY7ff9PcOi6J1ss=
golang.org/x/crypto v0.0.0-20170302193244-40541ccb1c6e/go.mod h1:6SG95UA2DQfeDnfUPMdvaQW0Q7yPrPDi9nlGo2tz2b4=
golang.org/x/net v0.0.0-20170114055629-f2499483f923 h1:cLl2p2++IYXqH4YzQ7uIc7QLOa4SU0x1vSy9Da++V94=
golang.org/x/net v0.0.0-20170114055629-f2499483f923/go.mod h1:mL1N/T3taQHkDXs73rZJwtUhF3w3ftmwwsq0BUmARs4=
golang.org/x/oauth2 v0.0.0-20150902214911-ad0128250e8f h1:TRxQlNOIj7Ex0AauC5Favj4pDfW0hUfnR+Shsy90WwE=
golang.org/x/oauth2 v0.0.0-20150902214911-ad0128250e8f/go.mod h1:N/0e6XlmueqKjAGxoOufVs8QHGRruUQn6yWY3a++T0U=
golang.org/x/sys v0.0.0-20160516132347-d4feaf1a7e61 h1:5wHhTD6KQrGlPwBCpZ7YPBr3Kw804JHcMfbh6jTqoXA=
golang.org/x/sys v0.0.0-20160516132347-d4feaf1a7e61/go.mod h1:STP8DvDyc/dI5b8T5hshtkjS+E42TnysNCUPdjciGhY=
golang.org/x/text v0.0.0-20160316130522-1b466db55e0b h1:gpnCcpFrTJUxHtbofzId8xTHvEl7VVXOwahXy7/ak/w=
golang.org/x/text v0.0.0-20160316130522-1b466db55e0b/go.mod h1:NqM8EUOU14njkJ3fqMW+pc6Ldnwhi/IjpwHt7yyuwOQ=
gopkg.in/bsm/ratelimit.v1 v1.0.0-20150417081222-bda20d5067a0 h1:gHD+X2CXgnz4vx9JvP4e8DUli9Zey5uFBMPp6kiKLs4=
gopkg.in/bsm/ratelimit.v1 v1.0.0-20150417081222-bda20d5067a0/go.mod h1:KF9sEfUPAXdG8Oev9e99iLGnl2uJMjc5B+4y3O7x610=
gopkg.in/ini.v1 v1.25.2 h1:pleZp673vxYgdZfmKITPCV3PvJzNv3ERNLmAsj1k6nw=
gopkg.in/ini.v1 v1.25.2/go.mod h1:pNLf8WUiyNEtQjuu5G5vTm06TEv9tsIgeAvK8hOrP4k=
gopkg.in/macaron.v1 v1.2.1 h1:V5mrRgXNCxnUDBwydwrDf/Prr6rnT50P0el2MY4o8LY=
gopkg.in/macaron.v1 v1.2.1/go.mod h1:PrsiawTWAGZs6wFbT5hlr7SQ2Ns9h7cUVtcUu4lQOVo=
gopkg.in/redis.v3 v3.6.4 h1:u7XgPH1rWwsdZnR+azldXC6x9qDU2luydOIeU/l52fE=
gopkg.in/redis.v3 v3.6.4/go.mod h1:6XeGv/CrsUFDU9aVbUdNykN7k1zVmoeg83KC9RbQfiU=
gopkg.in/yaml.v2 v2.0.0-20160301204022-a83829b6f129 h1:RBgb9aPUbZ9nu66ecQNIBNsA7j3mB5h8PNDIfhPjaJg=
gopkg.in/yaml.v2 v2.0.0-20160301204022-a83829b6f129/go.mod h1:JAlM8MvJe8wmxCU4Bli9HhUf9+ttbYbLASfIpnQbh74=
